
Microsoft Visual Studio Solution File, Format Version 12.00
# Visual Studio Version 16
VisualStudioVersion = 16.0.30320.27
MinimumVisualStudioVersion = 10.0.40219.1
Project("{FAE04EC0-301F-11D3-BF4B-00C04F79EFBC}") = "TareaSemanalPav", "TareaSemanalPav.csproj", "{A271A048-A0A5-4BCC-9A84-3D36518AA32F}"
EndProject
Global
	GlobalSection(SolutionConfigurationPlatforms) = preSolution
		Debug|Any CPU = Debug|Any CPU
		Release|Any CPU = Release|Any CPU
	EndGlobalSection
	GlobalSection(ProjectConfigurationPlatforms) = postSolution
		{A271A048-A0A5-4BCC-9A84-3D36518AA32F}.Debug|Any CPU.ActiveCfg = Debug|Any CPU
		{A271A048-A0A5-4BCC-9A84-3D36518AA32F}.Debug|Any CPU.Build.0 = Debug|Any CPU
		{A271A048-A0A5-4BCC-9A84-3D36518AA32F}.Release|Any CPU.ActiveCfg = Release|Any CPU
		{A271A048-A0A5-4BCC-9A84-3D36518AA32F}.Release|Any CPU.Build.0 = Release|Any CPU
	EndGlobalSection
	GlobalSection(SolutionProperties) = preSolution
		HideSolutionNode = FALSE
	EndGlobalSection
	GlobalSection(ExtensibilityGlobals) = postSolution
		SolutionGuid = {E7CFF65F-4852-4200-8C22-78F79FE15526}
	EndGlobalSection
EndGlobal
